
Microsoft Visual Studio Solution File, Format Version 12.00
Project("{FAE04EC0-301F-11D3-BF4B-00C04F79EFBC}") = "Frontend", "Frontend\Frontend.csproj", "{EA108ABD-0E85-49FD-8ADD-68D4F1F225D5}"
EndProject
Global
	GlobalSection(SolutionConfigurationPlatforms) = preSolution
		Debug|Any CPU = Debug|Any CPU
		Release|Any CPU = Release|Any CPU
	EndGlobalSection
	GlobalSection(ProjectConfigurationPlatforms) = postSolution
		{EA108ABD-0E85-49FD-8ADD-68D4F1F225D5}.Debug|Any CPU.ActiveCfg = Debug|Any CPU
		{EA108ABD-0E85-49FD-8ADD-68D4F1F225D5}.Debug|Any CPU.Build.0 = Debug|Any CPU
		{EA108ABD-0E85-49FD-8ADD-68D4F1F225D5}.Release|Any CPU.ActiveCfg = Release|Any CPU
		{EA108ABD-0E85-49FD-8ADD-68D4F1F225D5}.Release|Any CPU.Build.0 = Release|Any CPU
	EndGlobalSection
EndGlobal
